
Microsoft Visual Studio Solution File, Format Version 12.00
# Visual Studio Version 17
VisualStudioVersion = 17.14.36109.1 d17.14
MinimumVisualStudioVersion = 10.0.40219.1
Project("{FAE04EC0-301F-11D3-BF4B-00C04F79EFBC}") = "SistemaHospital", "CapaPresentacion\SistemaHospital.csproj", "{6BAE5F4F-8988-4C79-AA6F-69A4A301F3E8}"
EndProject
Global
	GlobalSection(SolutionConfigurationPlatforms) = preSolution
		Debug|Any CPU = Debug|Any CPU
		Release|Any CPU = Release|Any CPU
	EndGlobalSection
	GlobalSection(ProjectConfigurationPlatforms) = postSolution
		{6BAE5F4F-8988-4C79-AA6F-69A4A301F3E8}.Debug|Any CPU.ActiveCfg = Debug|Any CPU
		{6BAE5F4F-8988-4C79-AA6F-69A4A301F3E8}.Debug|Any CPU.Build.0 = Debug|Any CPU
		{6BAE5F4F-8988-4C79-AA6F-69A4A301F3E8}.Release|Any CPU.ActiveCfg = Release|Any CPU
		{6BAE5F4F-8988-4C79-AA6F-69A4A301F3E8}.Release|Any CPU.Build.0 = Release|Any CPU
	EndGlobalSection
	GlobalSection(SolutionProperties) = preSolution
		HideSolutionNode = FALSE
	EndGlobalSection
	GlobalSection(ExtensibilityGlobals) = postSolution
		SolutionGuid = {7791D980-FD7F-4358-9EA8-0DA655488666}
	EndGlobalSection
EndGlobal
