
Microsoft Visual Studio Solution File, Format Version 12.00
# Visual Studio Version 17
VisualStudioVersion = 17.13.35825.156 d17.13
MinimumVisualStudioVersion = 10.0.40219.1
Project("{FAE04EC0-301F-11D3-BF4B-00C04F79EFBC}") = "CapaPresentacion", "CapaPresentacion\CapaPresentacion.csproj", "{203C028E-D4EF-4812-A388-2BE32B87933C}"
EndProject
Global
	GlobalSection(SolutionConfigurationPlatforms) = preSolution
		Debug|Any CPU = Debug|Any CPU
		Release|Any CPU = Release|Any CPU
	EndGlobalSection
	GlobalSection(ProjectConfigurationPlatforms) = postSolution
		{203C028E-D4EF-4812-A388-2BE32B87933C}.Debug|Any CPU.ActiveCfg = Debug|Any CPU
		{203C028E-D4EF-4812-A388-2BE32B87933C}.Debug|Any CPU.Build.0 = Debug|Any CPU
		{203C028E-D4EF-4812-A388-2BE32B87933C}.Release|Any CPU.ActiveCfg = Release|Any CPU
		{203C028E-D4EF-4812-A388-2BE32B87933C}.Release|Any CPU.Build.0 = Release|Any CPU
	EndGlobalSection
	GlobalSection(SolutionProperties) = preSolution
		HideSolutionNode = FALSE
	EndGlobalSection
	GlobalSection(ExtensibilityGlobals) = postSolution
		SolutionGuid = {B26364E2-B46A-45C3-9391-BC7A38B80962}
	EndGlobalSection
EndGlobal
