
Microsoft Visual Studio Solution File, Format Version 12.00
# Visual Studio Version 17
VisualStudioVersion = 17.12.35521.163 d17.12
MinimumVisualStudioVersion = 10.0.40219.1
Project("{FAE04EC0-301F-11D3-BF4B-00C04F79EFBC}") = "CapaPresentacion", "CapaPresentacion\CapaPresentacion.csproj", "{95E1D34B-BC20-4DC7-A3AC-35989AACA95A}"
EndProject
Project("{FAE04EC0-301F-11D3-BF4B-00C04F79EFBC}") = "CapaLogica", "CapaLogica\CapaLogica.csproj", "{73EAE896-B818-4BC2-9332-BC951572872B}"
EndProject
Project("{FAE04EC0-301F-11D3-BF4B-00C04F79EFBC}") = "CapaDatos", "CapaDatos\CapaDatos.csproj", "{5A1BAD06-3CB7-406D-A2C1-26B7338CD327}"
EndProject
Project("{FAE04EC0-301F-11D3-BF4B-00C04F79EFBC}") = "CapaSeguridad", "CapaSeguridad\CapaSeguridad.csproj", "{AFF42646-E75F-4938-8627-AED9BA60D87D}"
EndProject
Global
	GlobalSection(SolutionConfigurationPlatforms) = preSolution
		Debug|Any CPU = Debug|Any CPU
		Release|Any CPU = Release|Any CPU
	EndGlobalSection
	GlobalSection(ProjectConfigurationPlatforms) = postSolution
		{95E1D34B-BC20-4DC7-A3AC-35989AACA95A}.Debug|Any CPU.ActiveCfg = Debug|Any CPU
		{95E1D34B-BC20-4DC7-A3AC-35989AACA95A}.Debug|Any CPU.Build.0 = Debug|Any CPU
		{95E1D34B-BC20-4DC7-A3AC-35989AACA95A}.Release|Any CPU.ActiveCfg = Release|Any CPU
		{95E1D34B-BC20-4DC7-A3AC-35989AACA95A}.Release|Any CPU.Build.0 = Release|Any CPU
		{73EAE896-B818-4BC2-9332-BC951572872B}.Debug|Any CPU.ActiveCfg = Debug|Any CPU
		{73EAE896-B818-4BC2-9332-BC951572872B}.Debug|Any CPU.Build.0 = Debug|Any CPU
		{73EAE896-B818-4BC2-9332-BC951572872B}.Release|Any CPU.ActiveCfg = Release|Any CPU
		{73EAE896-B818-4BC2-9332-BC951572872B}.Release|Any CPU.Build.0 = Release|Any CPU
		{5A1BAD06-3CB7-406D-A2C1-26B7338CD327}.Debug|Any CPU.ActiveCfg = Debug|Any CPU
		{5A1BAD06-3CB7-406D-A2C1-26B7338CD327}.Debug|Any CPU.Build.0 = Debug|Any CPU
		{5A1BAD06-3CB7-406D-A2C1-26B7338CD327}.Release|Any CPU.ActiveCfg = Release|Any CPU
		{5A1BAD06-3CB7-406D-A2C1-26B7338CD327}.Release|Any CPU.Build.0 = Release|Any CPU
		{AFF42646-E75F-4938-8627-AED9BA60D87D}.Debug|Any CPU.ActiveCfg = Debug|Any CPU
		{AFF42646-E75F-4938-8627-AED9BA60D87D}.Debug|Any CPU.Build.0 = Debug|Any CPU
		{AFF42646-E75F-4938-8627-AED9BA60D87D}.Release|Any CPU.ActiveCfg = Release|Any CPU
		{AFF42646-E75F-4938-8627-AED9BA60D87D}.Release|Any CPU.Build.0 = Release|Any CPU
	EndGlobalSection
	GlobalSection(SolutionProperties) = preSolution
		HideSolutionNode = FALSE
	EndGlobalSection
EndGlobal
