
Microsoft Visual Studio Solution File, Format Version 12.00
# Visual Studio Version 17
VisualStudioVersion = 17.13.35825.156 d17.13
MinimumVisualStudioVersion = 10.0.40219.1
Project("{FAE04EC0-301F-11D3-BF4B-00C04F79EFBC}") = "CapaPresentacion", "CapaPresentacion\CapaPresentacion.csproj", "{EF39AC75-65FC-4D7D-BCB2-D35FA25420C7}"
EndProject
Global
	GlobalSection(SolutionConfigurationPlatforms) = preSolution
		Debug|Any CPU = Debug|Any CPU
		Release|Any CPU = Release|Any CPU
	EndGlobalSection
	GlobalSection(ProjectConfigurationPlatforms) = postSolution
		{EF39AC75-65FC-4D7D-BCB2-D35FA25420C7}.Debug|Any CPU.ActiveCfg = Debug|Any CPU
		{EF39AC75-65FC-4D7D-BCB2-D35FA25420C7}.Debug|Any CPU.Build.0 = Debug|Any CPU
		{EF39AC75-65FC-4D7D-BCB2-D35FA25420C7}.Release|Any CPU.ActiveCfg = Release|Any CPU
		{EF39AC75-65FC-4D7D-BCB2-D35FA25420C7}.Release|Any CPU.Build.0 = Release|Any CPU
	EndGlobalSection
	GlobalSection(SolutionProperties) = preSolution
		HideSolutionNode = FALSE
	EndGlobalSection
	GlobalSection(ExtensibilityGlobals) = postSolution
		SolutionGuid = {DAFC85BD-D26B-4E5C-BE3A-6609CA58C2B9}
	EndGlobalSection
EndGlobal
